
Microsoft Visual Studio Solution File, Format Version 12.00
# Visual Studio Version 17
VisualStudioVersion = 17.0.31903.59
MinimumVisualStudioVersion = 10.0.40219.1
Project("{2150E333-8FDC-42A3-9474-1A3956D46DE8}") = "src", "src", "{C98CB754-3C96-4A42-A153-84AFBDD3F599}"
EndProject
Project("{FAE04EC0-301F-11D3-BF4B-00C04F79EFBC}") = "MuServer.Shared", "src\MuServer.Shared\MuServer.Shared.csproj", "{1A9E3413-A133-4765-85D1-7F36CD56D65B}"
EndProject
Project("{FAE04EC0-301F-11D3-BF4B-00C04F79EFBC}") = "MuServer.ConnectServer", "src\MuServer.ConnectServer\MuServer.ConnectServer.csproj", "{39507499-34B4-4A6A-9D63-2FAE80FDF071}"
EndProject
Project("{FAE04EC0-301F-11D3-BF4B-00C04F79EFBC}") = "MuServer.JoinServer", "src\MuServer.JoinServer\MuServer.JoinServer.csproj", "{F6C1C222-65A6-4B68-A715-476EEFF3BBD3}"
EndProject
Project("{FAE04EC0-301F-11D3-BF4B-00C04F79EFBC}") = "MuServer.DataServer", "src\MuServer.DataServer\MuServer.DataServer.csproj", "{E37049FC-B596-4677-971A-12D3A05B36C2}"
EndProject
Project("{FAE04EC0-301F-11D3-BF4B-00C04F79EFBC}") = "MuServer.GameServer", "src\MuServer.GameServer\MuServer.GameServer.csproj", "{39539AD4-026C-4918-8026-1EFF9C5B2F9D}"
EndProject
Project("{FAE04EC0-301F-11D3-BF4B-00C04F79EFBC}") = "MuServer.AdminPanel", "src\MuServer.AdminPanel\MuServer.AdminPanel.csproj", "{9691F685-8B88-448E-A851-9F12880AD779}"
EndProject
Global
	GlobalSection(SolutionConfigurationPlatforms) = preSolution
		Debug|Any CPU = Debug|Any CPU
		Debug|x64 = Debug|x64
		Debug|x86 = Debug|x86
		Release|Any CPU = Release|Any CPU
		Release|x64 = Release|x64
		Release|x86 = Release|x86
	EndGlobalSection
	GlobalSection(ProjectConfigurationPlatforms) = postSolution
		{1A9E3413-A133-4765-85D1-7F36CD56D65B}.Debug|Any CPU.ActiveCfg = Debug|Any CPU
		{1A9E3413-A133-4765-85D1-7F36CD56D65B}.Debug|Any CPU.Build.0 = Debug|Any CPU
		{1A9E3413-A133-4765-85D1-7F36CD56D65B}.Debug|x64.ActiveCfg = Debug|Any CPU
		{1A9E3413-A133-4765-85D1-7F36CD56D65B}.Debug|x64.Build.0 = Debug|Any CPU
		{1A9E3413-A133-4765-85D1-7F36CD56D65B}.Debug|x86.ActiveCfg = Debug|Any CPU
		{1A9E3413-A133-4765-85D1-7F36CD56D65B}.Debug|x86.Build.0 = Debug|Any CPU
		{1A9E3413-A133-4765-85D1-7F36CD56D65B}.Release|Any CPU.ActiveCfg = Release|Any CPU
		{1A9E3413-A133-4765-85D1-7F36CD56D65B}.Release|Any CPU.Build.0 = Release|Any CPU
		{1A9E3413-A133-4765-85D1-7F36CD56D65B}.Release|x64.ActiveCfg = Release|Any CPU
		{1A9E3413-A133-4765-85D1-7F36CD56D65B}.Release|x64.Build.0 = Release|Any CPU
		{1A9E3413-A133-4765-85D1-7F36CD56D65B}.Release|x86.ActiveCfg = Release|Any CPU
		{1A9E3413-A133-4765-85D1-7F36CD56D65B}.Release|x86.Build.0 = Release|Any CPU
		{39507499-34B4-4A6A-9D63-2FAE80FDF071}.Debug|Any CPU.ActiveCfg = Debug|Any CPU
		{39507499-34B4-4A6A-9D63-2FAE80FDF071}.Debug|Any CPU.Build.0 = Debug|Any CPU
		{39507499-34B4-4A6A-9D63-2FAE80FDF071}.Debug|x64.ActiveCfg = Debug|Any CPU
		{39507499-34B4-4A6A-9D63-2FAE80FDF071}.Debug|x64.Build.0 = Debug|Any CPU
		{39507499-34B4-4A6A-9D63-2FAE80FDF071}.Debug|x86.ActiveCfg = Debug|Any CPU
		{39507499-34B4-4A6A-9D63-2FAE80FDF071}.Debug|x86.Build.0 = Debug|Any CPU
		{39507499-34B4-4A6A-9D63-2FAE80FDF071}.Release|Any CPU.ActiveCfg = Release|Any CPU
		{39507499-34B4-4A6A-9D63-2FAE80FDF071}.Release|Any CPU.Build.0 = Release|Any CPU
		{39507499-34B4-4A6A-9D63-2FAE80FDF071}.Release|x64.ActiveCfg = Release|Any CPU
		{39507499-34B4-4A6A-9D63-2FAE80FDF071}.Release|x64.Build.0 = Release|Any CPU
		{39507499-34B4-4A6A-9D63-2FAE80FDF071}.Release|x86.ActiveCfg = Release|Any CPU
		{39507499-34B4-4A6A-9D63-2FAE80FDF071}.Release|x86.Build.0 = Release|Any CPU
		{F6C1C222-65A6-4B68-A715-476EEFF3BBD3}.Debug|Any CPU.ActiveCfg = Debug|Any CPU
		{F6C1C222-65A6-4B68-A715-476EEFF3BBD3}.Debug|Any CPU.Build.0 = Debug|Any CPU
		{F6C1C222-65A6-4B68-A715-476EEFF3BBD3}.Debug|x64.ActiveCfg = Debug|Any CPU
		{F6C1C222-65A6-4B68-A715-476EEFF3BBD3}.Debug|x64.Build.0 = Debug|Any CPU
		{F6C1C222-65A6-4B68-A715-476EEFF3BBD3}.Debug|x86.ActiveCfg = Debug|Any CPU
		{F6C1C222-65A6-4B68-A715-476EEFF3BBD3}.Debug|x86.Build.0 = Debug|Any CPU
		{F6C1C222-65A6-4B68-A715-476EEFF3BBD3}.Release|Any CPU.ActiveCfg = Release|Any CPU
		{F6C1C222-65A6-4B68-A715-476EEFF3BBD3}.Release|Any CPU.Build.0 = Release|Any CPU
		{F6C1C222-65A6-4B68-A715-476EEFF3BBD3}.Release|x64.ActiveCfg = Release|Any CPU
		{F6C1C222-65A6-4B68-A715-476EEFF3BBD3}.Release|x64.Build.0 = Release|Any CPU
		{F6C1C222-65A6-4B68-A715-476EEFF3BBD3}.Release|x86.ActiveCfg = Release|Any CPU
		{F6C1C222-65A6-4B68-A715-476EEFF3BBD3}.Release|x86.Build.0 = Release|Any CPU
		{E37049FC-B596-4677-971A-12D3A05B36C2}.Debug|Any CPU.ActiveCfg = Debug|Any CPU
		{E37049FC-B596-4677-971A-12D3A05B36C2}.Debug|Any CPU.Build.0 = Debug|Any CPU
		{E37049FC-B596-4677-971A-12D3A05B36C2}.Debug|x64.ActiveCfg = Debug|Any CPU
		{E37049FC-B596-4677-971A-12D3A05B36C2}.Debug|x64.Build.0 = Debug|Any CPU
		{E37049FC-B596-4677-971A-12D3A05B36C2}.Debug|x86.ActiveCfg = Debug|Any CPU
		{E37049FC-B596-4677-971A-12D3A05B36C2}.Debug|x86.Build.0 = Debug|Any CPU
		{E37049FC-B596-4677-971A-12D3A05B36C2}.Release|Any CPU.ActiveCfg = Release|Any CPU
		{E37049FC-B596-4677-971A-12D3A05B36C2}.Release|Any CPU.Build.0 = Release|Any CPU
		{E37049FC-B596-4677-971A-12D3A05B36C2}.Release|x64.ActiveCfg = Release|Any CPU
		{E37049FC-B596-4677-971A-12D3A05B36C2}.Release|x64.Build.0 = Release|Any CPU
		{E37049FC-B596-4677-971A-12D3A05B36C2}.Release|x86.ActiveCfg = Release|Any CPU
		{E37049FC-B596-4677-971A-12D3A05B36C2}.Release|x86.Build.0 = Release|Any CPU
		{39539AD4-026C-4918-8026-1EFF9C5B2F9D}.Debug|Any CPU.ActiveCfg = Debug|Any CPU
		{39539AD4-026C-4918-8026-1EFF9C5B2F9D}.Debug|Any CPU.Build.0 = Debug|Any CPU
		{39539AD4-026C-4918-8026-1EFF9C5B2F9D}.Debug|x64.ActiveCfg = Debug|Any CPU
		{39539AD4-026C-4918-8026-1EFF9C5B2F9D}.Debug|x64.Build.0 = Debug|Any CPU
		{39539AD4-026C-4918-8026-1EFF9C5B2F9D}.Debug|x86.ActiveCfg = Debug|Any CPU
		{39539AD4-026C-4918-8026-1EFF9C5B2F9D}.Debug|x86.Build.0 = Debug|Any CPU
		{39539AD4-026C-4918-8026-1EFF9C5B2F9D}.Release|Any CPU.ActiveCfg = Release|Any CPU
		{39539AD4-026C-4918-8026-1EFF9C5B2F9D}.Release|Any CPU.Build.0 = Release|Any CPU
		{39539AD4-026C-4918-8026-1EFF9C5B2F9D}.Release|x64.ActiveCfg = Release|Any CPU
		{39539AD4-026C-4918-8026-1EFF9C5B2F9D}.Release|x64.Build.0 = Release|Any CPU
		{39539AD4-026C-4918-8026-1EFF9C5B2F9D}.Release|x86.ActiveCfg = Release|Any CPU
		{39539AD4-026C-4918-8026-1EFF9C5B2F9D}.Release|x86.Build.0 = Release|Any CPU
		{9691F685-8B88-448E-A851-9F12880AD779}.Debug|Any CPU.ActiveCfg = Debug|Any CPU
		{9691F685-8B88-448E-A851-9F12880AD779}.Debug|Any CPU.Build.0 = Debug|Any CPU
		{9691F685-8B88-448E-A851-9F12880AD779}.Debug|x64.ActiveCfg = Debug|Any CPU
		{9691F685-8B88-448E-A851-9F12880AD779}.Debug|x64.Build.0 = Debug|Any CPU
		{9691F685-8B88-448E-A851-9F12880AD779}.Debug|x86.ActiveCfg = Debug|Any CPU
		{9691F685-8B88-448E-A851-9F12880AD779}.Debug|x86.Build.0 = Debug|Any CPU
		{9691F685-8B88-448E-A851-9F12880AD779}.Release|Any CPU.ActiveCfg = Release|Any CPU
		{9691F685-8B88-448E-A851-9F12880AD779}.Release|Any CPU.Build.0 = Release|Any CPU
		{9691F685-8B88-448E-A851-9F12880AD779}.Release|x64.ActiveCfg = Release|Any CPU
		{9691F685-8B88-448E-A851-9F12880AD779}.Release|x64.Build.0 = Release|Any CPU
		{9691F685-8B88-448E-A851-9F12880AD779}.Release|x86.ActiveCfg = Release|Any CPU
		{9691F685-8B88-448E-A851-9F12880AD779}.Release|x86.Build.0 = Release|Any CPU
	EndGlobalSection
	GlobalSection(SolutionProperties) = preSolution
		HideSolutionNode = FALSE
	EndGlobalSection
	GlobalSection(NestedProjects) = preSolution
		{1A9E3413-A133-4765-85D1-7F36CD56D65B} = {C98CB754-3C96-4A42-A153-84AFBDD3F599}
		{39507499-34B4-4A6A-9D63-2FAE80FDF071} = {C98CB754-3C96-4A42-A153-84AFBDD3F599}
		{F6C1C222-65A6-4B68-A715-476EEFF3BBD3} = {C98CB754-3C96-4A42-A153-84AFBDD3F599}
		{E37049FC-B596-4677-971A-12D3A05B36C2} = {C98CB754-3C96-4A42-A153-84AFBDD3F599}
		{39539AD4-026C-4918-8026-1EFF9C5B2F9D} = {C98CB754-3C96-4A42-A153-84AFBDD3F599}
		{9691F685-8B88-448E-A851-9F12880AD779} = {C98CB754-3C96-4A42-A153-84AFBDD3F599}
	EndGlobalSection
EndGlobal
